
Microsoft Visual Studio Solution File, Format Version 12.00
# Visual Studio 15
VisualStudioVersion = 15.0.28010.2046
MinimumVisualStudioVersion = 10.0.40219.1
Project("{FAE04EC0-301F-11D3-BF4B-00C04F79EFBC}") = "TranslatorTool", "TranslatorTool\TranslatorTool.csproj", "{DAAE9DBE-5214-4747-8612-643F4B6ED3C2}"
EndProject
Global
	GlobalSection(SolutionConfigurationPlatforms) = preSolution
		Debug|Any CPU = Debug|Any CPU
		Release|Any CPU = Release|Any CPU
	EndGlobalSection
	GlobalSection(ProjectConfigurationPlatforms) = postSolution
		{DAAE9DBE-5214-4747-8612-643F4B6ED3C2}.Debug|Any CPU.ActiveCfg = Debug|Any CPU
		{DAAE9DBE-5214-4747-8612-643F4B6ED3C2}.Debug|Any CPU.Build.0 = Debug|Any CPU
		{DAAE9DBE-5214-4747-8612-643F4B6ED3C2}.Release|Any CPU.ActiveCfg = Release|Any CPU
		{DAAE9DBE-5214-4747-8612-643F4B6ED3C2}.Release|Any CPU.Build.0 = Release|Any CPU
	EndGlobalSection
	GlobalSection(SolutionProperties) = preSolution
		HideSolutionNode = FALSE
	EndGlobalSection
	GlobalSection(ExtensibilityGlobals) = postSolution
		SolutionGuid = {F42E1FBA-8653-4089-A0BD-36AEC8A3ABFC}
	EndGlobalSection
EndGlobal
